
Microsoft Visual Studio Solution File, Format Version 12.00
# Visual Studio Version 17
VisualStudioVersion = 17.0.31903.59
MinimumVisualStudioVersion = 10.0.40219.1
Project("{FAE04EC0-301F-11D3-BF4B-00C04F79EFBC}") = "API", "API\API.csproj", "{F90FCAB0-00DE-4A97-A201-707ABEDACED0}"
EndProject
Project("{FAE04EC0-301F-11D3-BF4B-00C04F79EFBC}") = "Infrastructure", "Infrastructure\Infrastructure.csproj", "{67CEE7DB-80BC-47F2-AECF-30605D588DD6}"
EndProject
Project("{FAE04EC0-301F-11D3-BF4B-00C04F79EFBC}") = "Core", "Core\Core.csproj", "{5CE6039C-F8D9-4C02-BA14-6A0B1C2C1D99}"
EndProject
Global
	GlobalSection(SolutionConfigurationPlatforms) = preSolution
		Debug|Any CPU = Debug|Any CPU
		Release|Any CPU = Release|Any CPU
	EndGlobalSection
	GlobalSection(SolutionProperties) = preSolution
		HideSolutionNode = FALSE
	EndGlobalSection
	GlobalSection(ProjectConfigurationPlatforms) = postSolution
		{F90FCAB0-00DE-4A97-A201-707ABEDACED0}.Debug|Any CPU.ActiveCfg = Debug|Any CPU
		{F90FCAB0-00DE-4A97-A201-707ABEDACED0}.Debug|Any CPU.Build.0 = Debug|Any CPU
		{F90FCAB0-00DE-4A97-A201-707ABEDACED0}.Release|Any CPU.ActiveCfg = Release|Any CPU
		{F90FCAB0-00DE-4A97-A201-707ABEDACED0}.Release|Any CPU.Build.0 = Release|Any CPU
		{67CEE7DB-80BC-47F2-AECF-30605D588DD6}.Debug|Any CPU.ActiveCfg = Debug|Any CPU
		{67CEE7DB-80BC-47F2-AECF-30605D588DD6}.Debug|Any CPU.Build.0 = Debug|Any CPU
		{67CEE7DB-80BC-47F2-AECF-30605D588DD6}.Release|Any CPU.ActiveCfg = Release|Any CPU
		{67CEE7DB-80BC-47F2-AECF-30605D588DD6}.Release|Any CPU.Build.0 = Release|Any CPU
		{5CE6039C-F8D9-4C02-BA14-6A0B1C2C1D99}.Debug|Any CPU.ActiveCfg = Debug|Any CPU
		{5CE6039C-F8D9-4C02-BA14-6A0B1C2C1D99}.Debug|Any CPU.Build.0 = Debug|Any CPU
		{5CE6039C-F8D9-4C02-BA14-6A0B1C2C1D99}.Release|Any CPU.ActiveCfg = Release|Any CPU
		{5CE6039C-F8D9-4C02-BA14-6A0B1C2C1D99}.Release|Any CPU.Build.0 = Release|Any CPU
	EndGlobalSection
EndGlobal
